
Microsoft Visual Studio Solution File, Format Version 12.00
# Visual Studio Version 17
VisualStudioVersion = 17.10.35013.160
MinimumVisualStudioVersion = 10.0.40219.1
Project("{FAE04EC0-301F-11D3-BF4B-00C04F79EFBC}") = "SchoolAPI", "SchoolAPI\SchoolAPI.csproj", "{352A3554-C371-45DE-9D9B-A4B06FE8A613}"
EndProject
Global
	GlobalSection(SolutionConfigurationPlatforms) = preSolution
		Debug|Any CPU = Debug|Any CPU
		Release|Any CPU = Release|Any CPU
	EndGlobalSection
	GlobalSection(ProjectConfigurationPlatforms) = postSolution
		{352A3554-C371-45DE-9D9B-A4B06FE8A613}.Debug|Any CPU.ActiveCfg = Debug|Any CPU
		{352A3554-C371-45DE-9D9B-A4B06FE8A613}.Debug|Any CPU.Build.0 = Debug|Any CPU
		{352A3554-C371-45DE-9D9B-A4B06FE8A613}.Release|Any CPU.ActiveCfg = Release|Any CPU
		{352A3554-C371-45DE-9D9B-A4B06FE8A613}.Release|Any CPU.Build.0 = Release|Any CPU
	EndGlobalSection
	GlobalSection(SolutionProperties) = preSolution
		HideSolutionNode = FALSE
	EndGlobalSection
	GlobalSection(ExtensibilityGlobals) = postSolution
		SolutionGuid = {5A6D0ACE-9161-4B1C-8216-46415A143853}
	EndGlobalSection
EndGlobal
